
Microsoft Visual Studio Solution File, Format Version 11.00
# Visual Studio 2010
Project("{FAE04EC0-301F-11D3-BF4B-00C04F79EFBC}") = "UnityEngine.TestRunner", "UnityEngine.TestRunner.csproj", "{BDB563A8-5FC0-7069-EFD9-E5D5A5FE89E7}"
EndProject
Project("{FAE04EC0-301F-11D3-BF4B-00C04F79EFBC}") = "Unity.2D.Animation.Triangle.Runtime", "Unity.2D.Animation.Triangle.Runtime.csproj", "{0D3A7D24-E690-7EE5-993B-99CBD82B46E9}"
EndProject
Project("{FAE04EC0-301F-11D3-BF4B-00C04F79EFBC}") = "UnityEngine.UI", "UnityEngine.UI.csproj", "{AF0D12EF-A735-B353-FEE9-B2AC61BE7C87}"
EndProject
Project("{FAE04EC0-301F-11D3-BF4B-00C04F79EFBC}") = "Unity.TextMeshPro", "Unity.TextMeshPro.csproj", "{6A173DD5-9E61-1FC4-C627-6EB0B06829D0}"
EndProject
Project("{FAE04EC0-301F-11D3-BF4B-00C04F79EFBC}") = "Unity.2D.Animation.Runtime", "Unity.2D.Animation.Runtime.csproj", "{00BFBC1C-4176-84F4-FE82-1B67D4723AB1}"
EndProject
Project("{FAE04EC0-301F-11D3-BF4B-00C04F79EFBC}") = "Unity.Timeline", "Unity.Timeline.csproj", "{B35B7A16-DFCD-165B-92CD-67800D0C70E3}"
EndProject
Project("{FAE04EC0-301F-11D3-BF4B-00C04F79EFBC}") = "Unity.Mathematics", "Unity.Mathematics.csproj", "{5BD799B1-B5C4-FA87-90E2-EF772E4F9C86}"
EndProject
Project("{FAE04EC0-301F-11D3-BF4B-00C04F79EFBC}") = "Unity.2D.SpriteShape.Runtime", "Unity.2D.SpriteShape.Runtime.csproj", "{496D7D5A-B2D4-1483-E027-671F5FE66C26}"
EndProject
Project("{FAE04EC0-301F-11D3-BF4B-00C04F79EFBC}") = "Unity.2D.PixelPerfect", "Unity.2D.PixelPerfect.csproj", "{CFAF26FF-8005-4B4E-55C2-85EC0F0CDF55}"
EndProject
Project("{FAE04EC0-301F-11D3-BF4B-00C04F79EFBC}") = "Assembly-CSharp-firstpass", "Assembly-CSharp-firstpass.csproj", "{92DFABC2-6C18-EFD0-354A-B95C70E510CC}"
EndProject
Project("{FAE04EC0-301F-11D3-BF4B-00C04F79EFBC}") = "Unity.InternalAPIEngineBridge.001", "Unity.InternalAPIEngineBridge.001.csproj", "{3A1B5553-F814-E345-3E07-6A98717AE4E7}"
EndProject
Project("{FAE04EC0-301F-11D3-BF4B-00C04F79EFBC}") = "Assembly-CSharp", "Assembly-CSharp.csproj", "{4EDCDC54-0B27-56CC-652B-13195BCA97C3}"
EndProject
Project("{FAE04EC0-301F-11D3-BF4B-00C04F79EFBC}") = "Unity.2D.Common.Runtime", "Unity.2D.Common.Runtime.csproj", "{A2F06B3D-B3A2-3E85-42A8-9DDD96AF576F}"
EndProject
Project("{FAE04EC0-301F-11D3-BF4B-00C04F79EFBC}") = "Unity.TextMeshPro.Editor", "Unity.TextMeshPro.Editor.csproj", "{09020E68-AA33-D34D-3290-048D23CB8022}"
EndProject
Project("{FAE04EC0-301F-11D3-BF4B-00C04F79EFBC}") = "Unity.Timeline.Editor", "Unity.Timeline.Editor.csproj", "{7B125603-36BD-E393-74E7-C9C4A21C9CD3}"
EndProject
Project("{FAE04EC0-301F-11D3-BF4B-00C04F79EFBC}") = "UnityEditor.TestRunner", "UnityEditor.TestRunner.csproj", "{6F1E5D87-4101-4F53-DEB2-C148506ED048}"
EndProject
Project("{FAE04EC0-301F-11D3-BF4B-00C04F79EFBC}") = "Unity.2D.Animation.Editor", "Unity.2D.Animation.Editor.csproj", "{2CCF6803-834F-BE73-8E4A-994EC65FEB17}"
EndProject
Project("{FAE04EC0-301F-11D3-BF4B-00C04F79EFBC}") = "Unity.2D.Path.Editor", "Unity.2D.Path.Editor.csproj", "{FA512304-E454-7E8B-37CB-01F6212E9A10}"
EndProject
Project("{FAE04EC0-301F-11D3-BF4B-00C04F79EFBC}") = "Unity.2D.Sprite.Editor", "Unity.2D.Sprite.Editor.csproj", "{DFB80255-4124-B0ED-60AB-03217CC9ECD1}"
EndProject
Project("{FAE04EC0-301F-11D3-BF4B-00C04F79EFBC}") = "UnityEditor.UI", "UnityEditor.UI.csproj", "{4332FEE8-EFCC-2D4D-92EE-29AFEB904CA1}"
EndProject
Project("{FAE04EC0-301F-11D3-BF4B-00C04F79EFBC}") = "Unity.Rider.Editor", "Unity.Rider.Editor.csproj", "{EBF42BEA-6DD2-3235-3460-E72D5952E8C0}"
EndProject
Project("{FAE04EC0-301F-11D3-BF4B-00C04F79EFBC}") = "Unity.2D.Tilemap.Editor", "Unity.2D.Tilemap.Editor.csproj", "{EF3F9B0D-0DE6-A7CF-4473-7B24DDD83A5F}"
EndProject
Project("{FAE04EC0-301F-11D3-BF4B-00C04F79EFBC}") = "Unity.2D.SpriteShape.Editor", "Unity.2D.SpriteShape.Editor.csproj", "{3364C22F-4080-2625-EA04-47F9BA8ECC11}"
EndProject
Project("{FAE04EC0-301F-11D3-BF4B-00C04F79EFBC}") = "PsdPlugin", "PsdPlugin.csproj", "{B8317718-9B63-6078-9C4B-BD438568A528}"
EndProject
Project("{FAE04EC0-301F-11D3-BF4B-00C04F79EFBC}") = "Unity.CollabProxy.Editor", "Unity.CollabProxy.Editor.csproj", "{C088CF96-F41F-5D39-E530-1985DECFD3B2}"
EndProject
Project("{FAE04EC0-301F-11D3-BF4B-00C04F79EFBC}") = "Unity.2D.Common.Editor", "Unity.2D.Common.Editor.csproj", "{D5FAB59B-3ACD-DD9C-94E5-AD4CF288B276}"
EndProject
Project("{FAE04EC0-301F-11D3-BF4B-00C04F79EFBC}") = "Unity.VSCode.Editor", "Unity.VSCode.Editor.csproj", "{B4041A56-581C-7D53-0F5B-F44D5D93C016}"
EndProject
Project("{FAE04EC0-301F-11D3-BF4B-00C04F79EFBC}") = "Unity.2D.Psdimporter.Editor", "Unity.2D.Psdimporter.Editor.csproj", "{3B244C60-0F13-4099-4F1D-7A49E1701249}"
EndProject
Project("{FAE04EC0-301F-11D3-BF4B-00C04F79EFBC}") = "Unity.2D.PixelPerfect.Editor", "Unity.2D.PixelPerfect.Editor.csproj", "{C4890D44-A2A4-A25A-FEB5-7F4DA64241F7}"
EndProject
Project("{FAE04EC0-301F-11D3-BF4B-00C04F79EFBC}") = "Unity.Mathematics.Editor", "Unity.Mathematics.Editor.csproj", "{9FE2D8C4-FBDC-81DC-1CCF-E145E1AF0301}"
EndProject
Project("{FAE04EC0-301F-11D3-BF4B-00C04F79EFBC}") = "Unity.InternalAPIEditorBridge.001", "Unity.InternalAPIEditorBridge.001.csproj", "{9E1D4FE7-1FF3-FBC3-0A00-6E3C1E1574BB}"
EndProject
Global
	GlobalSection(SolutionConfigurationPlatforms) = preSolution
		Debug|Any CPU = Debug|Any CPU
		Release|Any CPU = Release|Any CPU
	EndGlobalSection
	GlobalSection(ProjectConfigurationPlatforms) = postSolution
		{BDB563A8-5FC0-7069-EFD9-E5D5A5FE89E7}.Debug|Any CPU.ActiveCfg = Debug|Any CPU
		{BDB563A8-5FC0-7069-EFD9-E5D5A5FE89E7}.Debug|Any CPU.Build.0 = Debug|Any CPU
		{BDB563A8-5FC0-7069-EFD9-E5D5A5FE89E7}.Release|Any CPU.ActiveCfg = Release|Any CPU
		{BDB563A8-5FC0-7069-EFD9-E5D5A5FE89E7}.Release|Any CPU.Build.0 = Release|Any CPU
		{0D3A7D24-E690-7EE5-993B-99CBD82B46E9}.Debug|Any CPU.ActiveCfg = Debug|Any CPU
		{0D3A7D24-E690-7EE5-993B-99CBD82B46E9}.Debug|Any CPU.Build.0 = Debug|Any CPU
		{0D3A7D24-E690-7EE5-993B-99CBD82B46E9}.Release|Any CPU.ActiveCfg = Release|Any CPU
		{0D3A7D24-E690-7EE5-993B-99CBD82B46E9}.Release|Any CPU.Build.0 = Release|Any CPU
		{AF0D12EF-A735-B353-FEE9-B2AC61BE7C87}.Debug|Any CPU.ActiveCfg = Debug|Any CPU
		{AF0D12EF-A735-B353-FEE9-B2AC61BE7C87}.Debug|Any CPU.Build.0 = Debug|Any CPU
		{AF0D12EF-A735-B353-FEE9-B2AC61BE7C87}.Release|Any CPU.ActiveCfg = Release|Any CPU
		{AF0D12EF-A735-B353-FEE9-B2AC61BE7C87}.Release|Any CPU.Build.0 = Release|Any CPU
		{6A173DD5-9E61-1FC4-C627-6EB0B06829D0}.Debug|Any CPU.ActiveCfg = Debug|Any CPU
		{6A173DD5-9E61-1FC4-C627-6EB0B06829D0}.Debug|Any CPU.Build.0 = Debug|Any CPU
		{6A173DD5-9E61-1FC4-C627-6EB0B06829D0}.Release|Any CPU.ActiveCfg = Release|Any CPU
		{6A173DD5-9E61-1FC4-C627-6EB0B06829D0}.Release|Any CPU.Build.0 = Release|Any CPU
		{00BFBC1C-4176-84F4-FE82-1B67D4723AB1}.Debug|Any CPU.ActiveCfg = Debug|Any CPU
		{00BFBC1C-4176-84F4-FE82-1B67D4723AB1}.Debug|Any CPU.Build.0 = Debug|Any CPU
		{00BFBC1C-4176-84F4-FE82-1B67D4723AB1}.Release|Any CPU.ActiveCfg = Release|Any CPU
		{00BFBC1C-4176-84F4-FE82-1B67D4723AB1}.Release|Any CPU.Build.0 = Release|Any CPU
		{B35B7A16-DFCD-165B-92CD-67800D0C70E3}.Debug|Any CPU.ActiveCfg = Debug|Any CPU
		{B35B7A16-DFCD-165B-92CD-67800D0C70E3}.Debug|Any CPU.Build.0 = Debug|Any CPU
		{B35B7A16-DFCD-165B-92CD-67800D0C70E3}.Release|Any CPU.ActiveCfg = Release|Any CPU
		{B35B7A16-DFCD-165B-92CD-67800D0C70E3}.Release|Any CPU.Build.0 = Release|Any CPU
		{5BD799B1-B5C4-FA87-90E2-EF772E4F9C86}.Debug|Any CPU.ActiveCfg = Debug|Any CPU
		{5BD799B1-B5C4-FA87-90E2-EF772E4F9C86}.Debug|Any CPU.Build.0 = Debug|Any CPU
		{5BD799B1-B5C4-FA87-90E2-EF772E4F9C86}.Release|Any CPU.ActiveCfg = Release|Any CPU
		{5BD799B1-B5C4-FA87-90E2-EF772E4F9C86}.Release|Any CPU.Build.0 = Release|Any CPU
		{496D7D5A-B2D4-1483-E027-671F5FE66C26}.Debug|Any CPU.ActiveCfg = Debug|Any CPU
		{496D7D5A-B2D4-1483-E027-671F5FE66C26}.Debug|Any CPU.Build.0 = Debug|Any CPU
		{496D7D5A-B2D4-1483-E027-671F5FE66C26}.Release|Any CPU.ActiveCfg = Release|Any CPU
		{496D7D5A-B2D4-1483-E027-671F5FE66C26}.Release|Any CPU.Build.0 = Release|Any CPU
		{CFAF26FF-8005-4B4E-55C2-85EC0F0CDF55}.Debug|Any CPU.ActiveCfg = Debug|Any CPU
		{CFAF26FF-8005-4B4E-55C2-85EC0F0CDF55}.Debug|Any CPU.Build.0 = Debug|Any CPU
		{CFAF26FF-8005-4B4E-55C2-85EC0F0CDF55}.Release|Any CPU.ActiveCfg = Release|Any CPU
		{CFAF26FF-8005-4B4E-55C2-85EC0F0CDF55}.Release|Any CPU.Build.0 = Release|Any CPU
		{92DFABC2-6C18-EFD0-354A-B95C70E510CC}.Debug|Any CPU.ActiveCfg = Debug|Any CPU
		{92DFABC2-6C18-EFD0-354A-B95C70E510CC}.Debug|Any CPU.Build.0 = Debug|Any CPU
		{92DFABC2-6C18-EFD0-354A-B95C70E510CC}.Release|Any CPU.ActiveCfg = Release|Any CPU
		{92DFABC2-6C18-EFD0-354A-B95C70E510CC}.Release|Any CPU.Build.0 = Release|Any CPU
		{3A1B5553-F814-E345-3E07-6A98717AE4E7}.Debug|Any CPU.ActiveCfg = Debug|Any CPU
		{3A1B5553-F814-E345-3E07-6A98717AE4E7}.Debug|Any CPU.Build.0 = Debug|Any CPU
		{3A1B5553-F814-E345-3E07-6A98717AE4E7}.Release|Any CPU.ActiveCfg = Release|Any CPU
		{3A1B5553-F814-E345-3E07-6A98717AE4E7}.Release|Any CPU.Build.0 = Release|Any CPU
		{4EDCDC54-0B27-56CC-652B-13195BCA97C3}.Debug|Any CPU.ActiveCfg = Debug|Any CPU
		{4EDCDC54-0B27-56CC-652B-13195BCA97C3}.Debug|Any CPU.Build.0 = Debug|Any CPU
		{4EDCDC54-0B27-56CC-652B-13195BCA97C3}.Release|Any CPU.ActiveCfg = Release|Any CPU
		{4EDCDC54-0B27-56CC-652B-13195BCA97C3}.Release|Any CPU.Build.0 = Release|Any CPU
		{A2F06B3D-B3A2-3E85-42A8-9DDD96AF576F}.Debug|Any CPU.ActiveCfg = Debug|Any CPU
		{A2F06B3D-B3A2-3E85-42A8-9DDD96AF576F}.Debug|Any CPU.Build.0 = Debug|Any CPU
		{A2F06B3D-B3A2-3E85-42A8-9DDD96AF576F}.Release|Any CPU.ActiveCfg = Release|Any CPU
		{A2F06B3D-B3A2-3E85-42A8-9DDD96AF576F}.Release|Any CPU.Build.0 = Release|Any CPU
		{09020E68-AA33-D34D-3290-048D23CB8022}.Debug|Any CPU.ActiveCfg = Debug|Any CPU
		{09020E68-AA33-D34D-3290-048D23CB8022}.Debug|Any CPU.Build.0 = Debug|Any CPU
		{09020E68-AA33-D34D-3290-048D23CB8022}.Release|Any CPU.ActiveCfg = Release|Any CPU
		{09020E68-AA33-D34D-3290-048D23CB8022}.Release|Any CPU.Build.0 = Release|Any CPU
		{7B125603-36BD-E393-74E7-C9C4A21C9CD3}.Debug|Any CPU.ActiveCfg = Debug|Any CPU
		{7B125603-36BD-E393-74E7-C9C4A21C9CD3}.Debug|Any CPU.Build.0 = Debug|Any CPU
		{7B125603-36BD-E393-74E7-C9C4A21C9CD3}.Release|Any CPU.ActiveCfg = Release|Any CPU
		{7B125603-36BD-E393-74E7-C9C4A21C9CD3}.Release|Any CPU.Build.0 = Release|Any CPU
		{6F1E5D87-4101-4F53-DEB2-C148506ED048}.Debug|Any CPU.ActiveCfg = Debug|Any CPU
		{6F1E5D87-4101-4F53-DEB2-C148506ED048}.Debug|Any CPU.Build.0 = Debug|Any CPU
		{6F1E5D87-4101-4F53-DEB2-C148506ED048}.Release|Any CPU.ActiveCfg = Release|Any CPU
		{6F1E5D87-4101-4F53-DEB2-C148506ED048}.Release|Any CPU.Build.0 = Release|Any CPU
		{2CCF6803-834F-BE73-8E4A-994EC65FEB17}.Debug|Any CPU.ActiveCfg = Debug|Any CPU
		{2CCF6803-834F-BE73-8E4A-994EC65FEB17}.Debug|Any CPU.Build.0 = Debug|Any CPU
		{2CCF6803-834F-BE73-8E4A-994EC65FEB17}.Release|Any CPU.ActiveCfg = Release|Any CPU
		{2CCF6803-834F-BE73-8E4A-994EC65FEB17}.Release|Any CPU.Build.0 = Release|Any CPU
		{FA512304-E454-7E8B-37CB-01F6212E9A10}.Debug|Any CPU.ActiveCfg = Debug|Any CPU
		{FA512304-E454-7E8B-37CB-01F6212E9A10}.Debug|Any CPU.Build.0 = Debug|Any CPU
		{FA512304-E454-7E8B-37CB-01F6212E9A10}.Release|Any CPU.ActiveCfg = Release|Any CPU
		{FA512304-E454-7E8B-37CB-01F6212E9A10}.Release|Any CPU.Build.0 = Release|Any CPU
		{DFB80255-4124-B0ED-60AB-03217CC9ECD1}.Debug|Any CPU.ActiveCfg = Debug|Any CPU
		{DFB80255-4124-B0ED-60AB-03217CC9ECD1}.Debug|Any CPU.Build.0 = Debug|Any CPU
		{DFB80255-4124-B0ED-60AB-03217CC9ECD1}.Release|Any CPU.ActiveCfg = Release|Any CPU
		{DFB80255-4124-B0ED-60AB-03217CC9ECD1}.Release|Any CPU.Build.0 = Release|Any CPU
		{4332FEE8-EFCC-2D4D-92EE-29AFEB904CA1}.Debug|Any CPU.ActiveCfg = Debug|Any CPU
		{4332FEE8-EFCC-2D4D-92EE-29AFEB904CA1}.Debug|Any CPU.Build.0 = Debug|Any CPU
		{4332FEE8-EFCC-2D4D-92EE-29AFEB904CA1}.Release|Any CPU.ActiveCfg = Release|Any CPU
		{4332FEE8-EFCC-2D4D-92EE-29AFEB904CA1}.Release|Any CPU.Build.0 = Release|Any CPU
		{EBF42BEA-6DD2-3235-3460-E72D5952E8C0}.Debug|Any CPU.ActiveCfg = Debug|Any CPU
		{EBF42BEA-6DD2-3235-3460-E72D5952E8C0}.Debug|Any CPU.Build.0 = Debug|Any CPU
		{EBF42BEA-6DD2-3235-3460-E72D5952E8C0}.Release|Any CPU.ActiveCfg = Release|Any CPU
		{EBF42BEA-6DD2-3235-3460-E72D5952E8C0}.Release|Any CPU.Build.0 = Release|Any CPU
		{EF3F9B0D-0DE6-A7CF-4473-7B24DDD83A5F}.Debug|Any CPU.ActiveCfg = Debug|Any CPU
		{EF3F9B0D-0DE6-A7CF-4473-7B24DDD83A5F}.Debug|Any CPU.Build.0 = Debug|Any CPU
		{EF3F9B0D-0DE6-A7CF-4473-7B24DDD83A5F}.Release|Any CPU.ActiveCfg = Release|Any CPU
		{EF3F9B0D-0DE6-A7CF-4473-7B24DDD83A5F}.Release|Any CPU.Build.0 = Release|Any CPU
		{3364C22F-4080-2625-EA04-47F9BA8ECC11}.Debug|Any CPU.ActiveCfg = Debug|Any CPU
		{3364C22F-4080-2625-EA04-47F9BA8ECC11}.Debug|Any CPU.Build.0 = Debug|Any CPU
		{3364C22F-4080-2625-EA04-47F9BA8ECC11}.Release|Any CPU.ActiveCfg = Release|Any CPU
		{3364C22F-4080-2625-EA04-47F9BA8ECC11}.Release|Any CPU.Build.0 = Release|Any CPU
		{B8317718-9B63-6078-9C4B-BD438568A528}.Debug|Any CPU.ActiveCfg = Debug|Any CPU
		{B8317718-9B63-6078-9C4B-BD438568A528}.Debug|Any CPU.Build.0 = Debug|Any CPU
		{B8317718-9B63-6078-9C4B-BD438568A528}.Release|Any CPU.ActiveCfg = Release|Any CPU
		{B8317718-9B63-6078-9C4B-BD438568A528}.Release|Any CPU.Build.0 = Release|Any CPU
		{C088CF96-F41F-5D39-E530-1985DECFD3B2}.Debug|Any CPU.ActiveCfg = Debug|Any CPU
		{C088CF96-F41F-5D39-E530-1985DECFD3B2}.Debug|Any CPU.Build.0 = Debug|Any CPU
		{C088CF96-F41F-5D39-E530-1985DECFD3B2}.Release|Any CPU.ActiveCfg = Release|Any CPU
		{C088CF96-F41F-5D39-E530-1985DECFD3B2}.Release|Any CPU.Build.0 = Release|Any CPU
		{D5FAB59B-3ACD-DD9C-94E5-AD4CF288B276}.Debug|Any CPU.ActiveCfg = Debug|Any CPU
		{D5FAB59B-3ACD-DD9C-94E5-AD4CF288B276}.Debug|Any CPU.Build.0 = Debug|Any CPU
		{D5FAB59B-3ACD-DD9C-94E5-AD4CF288B276}.Release|Any CPU.ActiveCfg = Release|Any CPU
		{D5FAB59B-3ACD-DD9C-94E5-AD4CF288B276}.Release|Any CPU.Build.0 = Release|Any CPU
		{B4041A56-581C-7D53-0F5B-F44D5D93C016}.Debug|Any CPU.ActiveCfg = Debug|Any CPU
		{B4041A56-581C-7D53-0F5B-F44D5D93C016}.Debug|Any CPU.Build.0 = Debug|Any CPU
		{B4041A56-581C-7D53-0F5B-F44D5D93C016}.Release|Any CPU.ActiveCfg = Release|Any CPU
		{B4041A56-581C-7D53-0F5B-F44D5D93C016}.Release|Any CPU.Build.0 = Release|Any CPU
		{3B244C60-0F13-4099-4F1D-7A49E1701249}.Debug|Any CPU.ActiveCfg = Debug|Any CPU
		{3B244C60-0F13-4099-4F1D-7A49E1701249}.Debug|Any CPU.Build.0 = Debug|Any CPU
		{3B244C60-0F13-4099-4F1D-7A49E1701249}.Release|Any CPU.ActiveCfg = Release|Any CPU
		{3B244C60-0F13-4099-4F1D-7A49E1701249}.Release|Any CPU.Build.0 = Release|Any CPU
		{C4890D44-A2A4-A25A-FEB5-7F4DA64241F7}.Debug|Any CPU.ActiveCfg = Debug|Any CPU
		{C4890D44-A2A4-A25A-FEB5-7F4DA64241F7}.Debug|Any CPU.Build.0 = Debug|Any CPU
		{C4890D44-A2A4-A25A-FEB5-7F4DA64241F7}.Release|Any CPU.ActiveCfg = Release|Any CPU
		{C4890D44-A2A4-A25A-FEB5-7F4DA64241F7}.Release|Any CPU.Build.0 = Release|Any CPU
		{9FE2D8C4-FBDC-81DC-1CCF-E145E1AF0301}.Debug|Any CPU.ActiveCfg = Debug|Any CPU
		{9FE2D8C4-FBDC-81DC-1CCF-E145E1AF0301}.Debug|Any CPU.Build.0 = Debug|Any CPU
		{9FE2D8C4-FBDC-81DC-1CCF-E145E1AF0301}.Release|Any CPU.ActiveCfg = Release|Any CPU
		{9FE2D8C4-FBDC-81DC-1CCF-E145E1AF0301}.Release|Any CPU.Build.0 = Release|Any CPU
		{9E1D4FE7-1FF3-FBC3-0A00-6E3C1E1574BB}.Debug|Any CPU.ActiveCfg = Debug|Any CPU
		{9E1D4FE7-1FF3-FBC3-0A00-6E3C1E1574BB}.Debug|Any CPU.Build.0 = Debug|Any CPU
		{9E1D4FE7-1FF3-FBC3-0A00-6E3C1E1574BB}.Release|Any CPU.ActiveCfg = Release|Any CPU
		{9E1D4FE7-1FF3-FBC3-0A00-6E3C1E1574BB}.Release|Any CPU.Build.0 = Release|Any CPU
	EndGlobalSection
	GlobalSection(SolutionProperties) = preSolution
		HideSolutionNode = FALSE
	EndGlobalSection
EndGlobal
